
Microsoft Visual Studio Solution File, Format Version 12.00
# Visual Studio Version 17
VisualStudioVersion = 17.2.32526.322
MinimumVisualStudioVersion = 10.0.40219.1
Project("{FAE04EC0-301F-11D3-BF4B-00C04F79EFBC}") = "CashierAlgorithmForm", "CashierAlgorithmForm\CashierAlgorithmForm.csproj", "{29C14ECC-EB2A-4107-A0C6-8BFB617271CF}"
EndProject
Global
	GlobalSection(SolutionConfigurationPlatforms) = preSolution
		Debug|Any CPU = Debug|Any CPU
		Release|Any CPU = Release|Any CPU
	EndGlobalSection
	GlobalSection(ProjectConfigurationPlatforms) = postSolution
		{29C14ECC-EB2A-4107-A0C6-8BFB617271CF}.Debug|Any CPU.ActiveCfg = Debug|Any CPU
		{29C14ECC-EB2A-4107-A0C6-8BFB617271CF}.Debug|Any CPU.Build.0 = Debug|Any CPU
		{29C14ECC-EB2A-4107-A0C6-8BFB617271CF}.Release|Any CPU.ActiveCfg = Release|Any CPU
		{29C14ECC-EB2A-4107-A0C6-8BFB617271CF}.Release|Any CPU.Build.0 = Release|Any CPU
	EndGlobalSection
	GlobalSection(SolutionProperties) = preSolution
		HideSolutionNode = FALSE
	EndGlobalSection
	GlobalSection(ExtensibilityGlobals) = postSolution
		SolutionGuid = {DD143C8B-BD94-4ACE-A47A-A9EC634718CA}
	EndGlobalSection
EndGlobal
